<Solution>
    <Project Path="Builders/Builders.csproj" />
    <Project Path="EPCLeadGenerator.Api/EPCLeadGenerator.Api.csproj" />
    <Folder Name="/infrastructure/">
        <File Path="infrastructure/.gitignore" />
    </Folder>
    <Folder Name="/Solution Items/" />
    <Project Path="BackendE2ETests/BackendE2ETests/BackendE2ETests.csproj" />
    <Project Path="build/Build.csproj" />

    <Folder Name="/client/" />
    <Project Path="EPCLeadGenerator.Database/EPCLeadGenerator.Database.csproj" />
</Solution>
